<?xml version="1.0" encoding="utf-8"?>
<Project ToolsVersion="4.0" xmlns="http://schemas.microsoft.com/developer/msbuild/2003">
  <ItemGroup>
    <Filter Include="Source Files">
      <UniqueIdentifier>{4FC737F1-C7A5-4376-A066-2A32D752A2FF}</UniqueIdentifier>
      <Extensions>cpp;c;cc;cxx;def;odl;idl;hpj;bat;asm;asmx</Extensions>
    </Filter>
    <Filter Include="Header Files">
      <UniqueIdentifier>{93995380-89BD-4b04-88EB-625FBE52EBFB}</UniqueIdentifier>
      <Extensions>h;hh;hpp;hxx;hm;inl;inc;ipp;xsd</Extensions>
    </Filter>
    <Filter Include="Resource Files">
      <UniqueIdentifier>{67DA6AB6-F800-4c08-8B7A-83BB121AAD01}</UniqueIdentifier>
      <Extensions>rc;ico;cur;bmp;dlg;rc2;rct;bin;rgs;gif;jpg;jpeg;jpe;resx;tiff;tif;png;wav;mfcribbon-ms</Extensions>
    </Filter>
    <Filter Include="Source Files\txt_parser">
      <UniqueIdentifier>{c5ed0bdc-a5e8-4b1a-aa23-77835b371cc7}</UniqueIdentifier>
    </Filter>
    <Filter Include="Source Files\txt_lex">
      <UniqueIdentifier>{6357710a-8910-4110-959e-987d8ddbe4a5}</UniqueIdentifier>
    </Filter>
  </ItemGroup>
  <ItemGroup>
    <ClCompile Include="Source.cpp">
      <Filter>Source Files</Filter>
    </ClCompile>
    <ClCompile Include="Scanner.cpp">
      <Filter>Source Files</Filter>
    </ClCompile>
    <ClCompile Include="Parser.cpp">
      <Filter>Source Files</Filter>
    </ClCompile>
  </ItemGroup>
  <ItemGroup>
    <ClInclude Include="Token.h">
      <Filter>Header Files</Filter>
    </ClInclude>
    <ClInclude Include="State.h">
      <Filter>Header Files</Filter>
    </ClInclude>
    <ClInclude Include="Hash.h">
      <Filter>Header Files</Filter>
    </ClInclude>
    <ClInclude Include="Scanner.h">
      <Filter>Header Files</Filter>
    </ClInclude>
    <ClInclude Include="lib.h">
      <Filter>Header Files</Filter>
    </ClInclude>
    <ClInclude Include="linklist.h">
      <Filter>Header Files</Filter>
    </ClInclude>
    <ClInclude Include="Stack.h">
      <Filter>Header Files</Filter>
    </ClInclude>
    <ClInclude Include="Parser.h">
      <Filter>Header Files</Filter>
    </ClInclude>
  </ItemGroup>
  <ItemGroup>
    <Text Include="parsetable.txt">
      <Filter>Source Files\txt_parser</Filter>
    </Text>
    <Text Include="keywords.txt">
      <Filter>Source Files\txt_lex</Filter>
    </Text>
    <Text Include="states.txt">
      <Filter>Source Files\txt_lex</Filter>
    </Text>
    <Text Include="token.txt">
      <Filter>Source Files\txt_lex</Filter>
    </Text>
    <Text Include="Transition.txt">
      <Filter>Source Files\txt_lex</Filter>
    </Text>
    <Text Include="error.txt">
      <Filter>Source Files\txt_lex</Filter>
    </Text>
    <Text Include="Sourcecode3.txt">
      <Filter>Source Files\txt_lex</Filter>
    </Text>
    <Text Include="Sourcecode.txt">
      <Filter>Source Files\txt_lex</Filter>
    </Text>
    <Text Include="CFG_productions.txt">
      <Filter>Source Files\txt_parser</Filter>
    </Text>
    <Text Include="AsciiMap.txt">
      <Filter>Source Files\txt_lex</Filter>
    </Text>
    <Text Include="LL1map_str2int.txt">
      <Filter>Source Files\txt_parser</Filter>
    </Text>
  </ItemGroup>
</Project>